// !$*UTF8*$!
{
	archiveVersion = 1;
	classes = {
	};
	objectVersion = 56;
	objects = {

/* Begin PBXBuildFile section */
		538C4A37D0320C3CA11D9D2F /* Pods_HelloRxSwift_HelloRxSwiftUITests.framework in Frameworks */ = {isa = PBXBuildFile; fileRef = 87ADDD4E40E8F67884FBF15C /* Pods_HelloRxSwift_HelloRxSwiftUITests.framework */; };
		5B25239128FBE8A700349824 /* AppDelegate.swift in Sources */ = {isa = PBXBuildFile; fileRef = 5B25239028FBE8A700349824 /* AppDelegate.swift */; };
		5B25239328FBE8A700349824 /* SceneDelegate.swift in Sources */ = {isa = PBXBuildFile; fileRef = 5B25239228FBE8A700349824 /* SceneDelegate.swift */; };
		5B25239528FBE8A700349824 /* ViewController.swift in Sources */ = {isa = PBXBuildFile; fileRef = 5B25239428FBE8A700349824 /* ViewController.swift */; };
		5B25239828FBE8A700349824 /* Main.storyboard in Resources */ = {isa = PBXBuildFile; fileRef = 5B25239628FBE8A700349824 /* Main.storyboard */; };
		5B25239A28FBE8A800349824 /* Assets.xcassets in Resources */ = {isa = PBXBuildFile; fileRef = 5B25239928FBE8A800349824 /* Assets.xcassets */; };
		5B25239D28FBE8A800349824 /* LaunchScreen.storyboard in Resources */ = {isa = PBXBuildFile; fileRef = 5B25239B28FBE8A800349824 /* LaunchScreen.storyboard */; };
		5B2523A828FBE8A800349824 /* HelloRxSwiftTests.swift in Sources */ = {isa = PBXBuildFile; fileRef = 5B2523A728FBE8A800349824 /* HelloRxSwiftTests.swift */; };
		5B2523B228FBE8A800349824 /* HelloRxSwiftUITests.swift in Sources */ = {isa = PBXBuildFile; fileRef = 5B2523B128FBE8A800349824 /* HelloRxSwiftUITests.swift */; };
		5B2523B428FBE8A800349824 /* HelloRxSwiftUITestsLaunchTests.swift in Sources */ = {isa = PBXBuildFile; fileRef = 5B2523B328FBE8A800349824 /* HelloRxSwiftUITestsLaunchTests.swift */; };
		89C29DA6FE3D04574367D594 /* Pods_HelloRxSwiftTests.framework in Frameworks */ = {isa = PBXBuildFile; fileRef = 94B099ED3F27F0171AAB3A44 /* Pods_HelloRxSwiftTests.framework */; };
		9DC45D7F7E3DC0376E97186A /* Pods_HelloRxSwift.framework in Frameworks */ = {isa = PBXBuildFile; fileRef = 2C65A79F9CABFD2DEDB34D73 /* Pods_HelloRxSwift.framework */; };
/* End PBXBuildFile section */

/* Begin PBXContainerItemProxy section */
		5B2523A428FBE8A800349824 /* PBXContainerItemProxy */ = {
			isa = PBXContainerItemProxy;
			containerPortal = 5B25238528FBE8A700349824 /* Project object */;
			proxyType = 1;
			remoteGlobalIDString = 5B25238C28FBE8A700349824;
			remoteInfo = HelloRxSwift;
		};
		5B2523AE28FBE8A800349824 /* PBXContainerItemProxy */ = {
			isa = PBXContainerItemProxy;
			containerPortal = 5B25238528FBE8A700349824 /* Project object */;
			proxyType = 1;
			remoteGlobalIDString = 5B25238C28FBE8A700349824;
			remoteInfo = HelloRxSwift;
		};
/* End PBXContainerItemProxy section */

/* Begin PBXFileReference section */
		017C10FDE0D810236EF1CB1F /* Pods-HelloRxSwiftTests.debug.xcconfig */ = {isa = PBXFileReference; includeInIndex = 1; lastKnownFileType = text.xcconfig; name = "Pods-HelloRxSwiftTests.debug.xcconfig"; path = "Target Support Files/Pods-HelloRxSwiftTests/Pods-HelloRxSwiftTests.debug.xcconfig"; sourceTree = "<group>"; };
		0EDBFFD95D827A812AD70DFD /* Pods-HelloRxSwift.release.xcconfig */ = {isa = PBXFileReference; includeInIndex = 1; lastKnownFileType = text.xcconfig; name = "Pods-HelloRxSwift.release.xcconfig"; path = "Target Support Files/Pods-HelloRxSwift/Pods-HelloRxSwift.release.xcconfig"; sourceTree = "<group>"; };
		2C65A79F9CABFD2DEDB34D73 /* Pods_HelloRxSwift.framework */ = {isa = PBXFileReference; explicitFileType = wrapper.framework; includeInIndex = 0; path = Pods_HelloRxSwift.framework; sourceTree = BUILT_PRODUCTS_DIR; };
		5285A1A1CD0338F9213A55C0 /* Pods-HelloRxSwift.debug.xcconfig */ = {isa = PBXFileReference; includeInIndex = 1; lastKnownFileType = text.xcconfig; name = "Pods-HelloRxSwift.debug.xcconfig"; path = "Target Support Files/Pods-HelloRxSwift/Pods-HelloRxSwift.debug.xcconfig"; sourceTree = "<group>"; };
		5B25238D28FBE8A700349824 /* HelloRxSwift.app */ = {isa = PBXFileReference; explicitFileType = wrapper.application; includeInIndex = 0; path = HelloRxSwift.app; sourceTree = BUILT_PRODUCTS_DIR; };
		5B25239028FBE8A700349824 /* AppDelegate.swift */ = {isa = PBXFileReference; lastKnownFileType = sourcecode.swift; path = AppDelegate.swift; sourceTree = "<group>"; };
		5B25239228FBE8A700349824 /* SceneDelegate.swift */ = {isa = PBXFileReference; lastKnownFileType = sourcecode.swift; path = SceneDelegate.swift; sourceTree = "<group>"; };
		5B25239428FBE8A700349824 /* ViewController.swift */ = {isa = PBXFileReference; lastKnownFileType = sourcecode.swift; path = ViewController.swift; sourceTree = "<group>"; };
		5B25239728FBE8A700349824 /* Base */ = {isa = PBXFileReference; lastKnownFileType = file.storyboard; name = Base; path = Base.lproj/Main.storyboard; sourceTree = "<group>"; };
		5B25239928FBE8A800349824 /* Assets.xcassets */ = {isa = PBXFileReference; lastKnownFileType = folder.assetcatalog; path = Assets.xcassets; sourceTree = "<group>"; };
		5B25239C28FBE8A800349824 /* Base */ = {isa = PBXFileReference; lastKnownFileType = file.storyboard; name = Base; path = Base.lproj/LaunchScreen.storyboard; sourceTree = "<group>"; };
		5B25239E28FBE8A800349824 /* Info.plist */ = {isa = PBXFileReference; lastKnownFileType = text.plist.xml; path = Info.plist; sourceTree = "<group>"; };
		5B2523A328FBE8A800349824 /* HelloRxSwiftTests.xctest */ = {isa = PBXFileReference; explicitFileType = wrapper.cfbundle; includeInIndex = 0; path = HelloRxSwiftTests.xctest; sourceTree = BUILT_PRODUCTS_DIR; };
		5B2523A728FBE8A800349824 /* HelloRxSwiftTests.swift */ = {isa = PBXFileReference; lastKnownFileType = sourcecode.swift; path = HelloRxSwiftTests.swift; sourceTree = "<group>"; };
		5B2523AD28FBE8A800349824 /* HelloRxSwiftUITests.xctest */ = {isa = PBXFileReference; explicitFileType = wrapper.cfbundle; includeInIndex = 0; path = HelloRxSwiftUITests.xctest; sourceTree = BUILT_PRODUCTS_DIR; };
		5B2523B128FBE8A800349824 /* HelloRxSwiftUITests.swift */ = {isa = PBXFileReference; lastKnownFileType = sourcecode.swift; path = HelloRxSwiftUITests.swift; sourceTree = "<group>"; };
		5B2523B328FBE8A800349824 /* HelloRxSwiftUITestsLaunchTests.swift */ = {isa = PBXFileReference; lastKnownFileType = sourcecode.swift; path = HelloRxSwiftUITestsLaunchTests.swift; sourceTree = "<group>"; };
		6BF2FD19DEE24DFBDB7A3E31 /* Pods-HelloRxSwift-HelloRxSwiftUITests.debug.xcconfig */ = {isa = PBXFileReference; includeInIndex = 1; lastKnownFileType = text.xcconfig; name = "Pods-HelloRxSwift-HelloRxSwiftUITests.debug.xcconfig"; path = "Target Support Files/Pods-HelloRxSwift-HelloRxSwiftUITests/Pods-HelloRxSwift-HelloRxSwiftUITests.debug.xcconfig"; sourceTree = "<group>"; };
		87ADDD4E40E8F67884FBF15C /* Pods_HelloRxSwift_HelloRxSwiftUITests.framework */ = {isa = PBXFileReference; explicitFileType = wrapper.framework; includeInIndex = 0; path = Pods_HelloRxSwift_HelloRxSwiftUITests.framework; sourceTree = BUILT_PRODUCTS_DIR; };
		94B099ED3F27F0171AAB3A44 /* Pods_HelloRxSwiftTests.framework */ = {isa = PBXFileReference; explicitFileType = wrapper.framework; includeInIndex = 0; path = Pods_HelloRxSwiftTests.framework; sourceTree = BUILT_PRODUCTS_DIR; };
		98298A5A2FFAF0A9C742E152 /* Pods-HelloRxSwiftTests.release.xcconfig */ = {isa = PBXFileReference; includeInIndex = 1; lastKnownFileType = text.xcconfig; name = "Pods-HelloRxSwiftTests.release.xcconfig"; path = "Target Support Files/Pods-HelloRxSwiftTests/Pods-HelloRxSwiftTests.release.xcconfig"; sourceTree = "<group>"; };
		EFAC3028D5F921815722FE87 /* Pods-HelloRxSwift-HelloRxSwiftUITests.release.xcconfig */ = {isa = PBXFileReference; includeInIndex = 1; lastKnownFileType = text.xcconfig; name = "Pods-HelloRxSwift-HelloRxSwiftUITests.release.xcconfig"; path = "Target Support Files/Pods-HelloRxSwift-HelloRxSwiftUITests/Pods-HelloRxSwift-HelloRxSwiftUITests.release.xcconfig"; sourceTree = "<group>"; };
/* End PBXFileReference section */

/* Begin PBXFrameworksBuildPhase section */
		5B25238A28FBE8A700349824 /* Frameworks */ = {
			isa = PBXFrameworksBuildPhase;
			buildActionMask = 2147483647;
			files = (
				9DC45D7F7E3DC0376E97186A /* Pods_HelloRxSwift.framework in Frameworks */,
			);
			runOnlyForDeploymentPostprocessing = 0;
		};
		5B2523A028FBE8A800349824 /* Frameworks */ = {
			isa = PBXFrameworksBuildPhase;
			buildActionMask = 2147483647;
			files = (
				89C29DA6FE3D04574367D594 /* Pods_HelloRxSwiftTests.framework in Frameworks */,
			);
			runOnlyForDeploymentPostprocessing = 0;
		};
		5B2523AA28FBE8A800349824 /* Frameworks */ = {
			isa = PBXFrameworksBuildPhase;
			buildActionMask = 2147483647;
			files = (
				538C4A37D0320C3CA11D9D2F /* Pods_HelloRxSwift_HelloRxSwiftUITests.framework in Frameworks */,
			);
			runOnlyForDeploymentPostprocessing = 0;
		};
/* End PBXFrameworksBuildPhase section */

/* Begin PBXGroup section */
		5B25238428FBE8A700349824 = {
			isa = PBXGroup;
			children = (
				5B25238F28FBE8A700349824 /* HelloRxSwift */,
				5B2523A628FBE8A800349824 /* HelloRxSwiftTests */,
				5B2523B028FBE8A800349824 /* HelloRxSwiftUITests */,
				5B25238E28FBE8A700349824 /* Products */,
				6179B79B5F07E84DBD9DB107 /* Pods */,
				C6C56D3031548EEA0C7959FF /* Frameworks */,
			);
			sourceTree = "<group>";
		};
		5B25238E28FBE8A700349824 /* Products */ = {
			isa = PBXGroup;
			children = (
				5B25238D28FBE8A700349824 /* HelloRxSwift.app */,
				5B2523A328FBE8A800349824 /* HelloRxSwiftTests.xctest */,
				5B2523AD28FBE8A800349824 /* HelloRxSwiftUITests.xctest */,
			);
			name = Products;
			sourceTree = "<group>";
		};
		5B25238F28FBE8A700349824 /* HelloRxSwift */ = {
			isa = PBXGroup;
			children = (
				5B25239028FBE8A700349824 /* AppDelegate.swift */,
				5B25239228FBE8A700349824 /* SceneDelegate.swift */,
				5B25239428FBE8A700349824 /* ViewController.swift */,
				5B25239628FBE8A700349824 /* Main.storyboard */,
				5B25239928FBE8A800349824 /* Assets.xcassets */,
				5B25239B28FBE8A800349824 /* LaunchScreen.storyboard */,
				5B25239E28FBE8A800349824 /* Info.plist */,
			);
			path = HelloRxSwift;
			sourceTree = "<group>";
		};
		5B2523A628FBE8A800349824 /* HelloRxSwiftTests */ = {
			isa = PBXGroup;
			children = (
				5B2523A728FBE8A800349824 /* HelloRxSwiftTests.swift */,
			);
			path = HelloRxSwiftTests;
			sourceTree = "<group>";
		};
		5B2523B028FBE8A800349824 /* HelloRxSwiftUITests */ = {
			isa = PBXGroup;
			children = (
				5B2523B128FBE8A800349824 /* HelloRxSwiftUITests.swift */,
				5B2523B328FBE8A800349824 /* HelloRxSwiftUITestsLaunchTests.swift */,
			);
			path = HelloRxSwiftUITests;
			sourceTree = "<group>";
		};
		6179B79B5F07E84DBD9DB107 /* Pods */ = {
			isa = PBXGroup;
			children = (
				5285A1A1CD0338F9213A55C0 /* Pods-HelloRxSwift.debug.xcconfig */,
				0EDBFFD95D827A812AD70DFD /* Pods-HelloRxSwift.release.xcconfig */,
				6BF2FD19DEE24DFBDB7A3E31 /* Pods-HelloRxSwift-HelloRxSwiftUITests.debug.xcconfig */,
				EFAC3028D5F921815722FE87 /* Pods-HelloRxSwift-HelloRxSwiftUITests.release.xcconfig */,
				017C10FDE0D810236EF1CB1F /* Pods-HelloRxSwiftTests.debug.xcconfig */,
				98298A5A2FFAF0A9C742E152 /* Pods-HelloRxSwiftTests.release.xcconfig */,
			);
			path = Pods;
			sourceTree = "<group>";
		};
		C6C56D3031548EEA0C7959FF /* Frameworks */ = {
			isa = PBXGroup;
			children = (
				2C65A79F9CABFD2DEDB34D73 /* Pods_HelloRxSwift.framework */,
				87ADDD4E40E8F67884FBF15C /* Pods_HelloRxSwift_HelloRxSwiftUITests.framework */,
				94B099ED3F27F0171AAB3A44 /* Pods_HelloRxSwiftTests.framework */,
			);
			name = Frameworks;
			sourceTree = "<group>";
		};
/* End PBXGroup section */

/* Begin PBXNativeTarget section */
		5B25238C28FBE8A700349824 /* HelloRxSwift */ = {
			isa = PBXNativeTarget;
			buildConfigurationList = 5B2523B728FBE8A800349824 /* Build configuration list for PBXNativeTarget "HelloRxSwift" */;
			buildPhases = (
				E902C4F47914BC96DFB3BA20 /* [CP] Check Pods Manifest.lock */,
				5B25238928FBE8A700349824 /* Sources */,
				5B25238A28FBE8A700349824 /* Frameworks */,
				5B25238B28FBE8A700349824 /* Resources */,
				C1E7855D5E7B8ACC4F15079F /* [CP] Embed Pods Frameworks */,
			);
			buildRules = (
			);
			dependencies = (
			);
			name = HelloRxSwift;
			productName = HelloRxSwift;
			productReference = 5B25238D28FBE8A700349824 /* HelloRxSwift.app */;
			productType = "com.apple.product-type.application";
		};
		5B2523A228FBE8A800349824 /* HelloRxSwiftTests */ = {
			isa = PBXNativeTarget;
			buildConfigurationList = 5B2523BA28FBE8A800349824 /* Build configuration list for PBXNativeTarget "HelloRxSwiftTests" */;
			buildPhases = (
				55641288A45250C6A658FEB2 /* [CP] Check Pods Manifest.lock */,
				5B25239F28FBE8A800349824 /* Sources */,
				5B2523A028FBE8A800349824 /* Frameworks */,
				5B2523A128FBE8A800349824 /* Resources */,
			);
			buildRules = (
			);
			dependencies = (
				5B2523A528FBE8A800349824 /* PBXTargetDependency */,
			);
			name = HelloRxSwiftTests;
			productName = HelloRxSwiftTests;
			productReference = 5B2523A328FBE8A800349824 /* HelloRxSwiftTests.xctest */;
			productType = "com.apple.product-type.bundle.unit-test";
		};
		5B2523AC28FBE8A800349824 /* HelloRxSwiftUITests */ = {
			isa = PBXNativeTarget;
			buildConfigurationList = 5B2523BD28FBE8A800349824 /* Build configuration list for PBXNativeTarget "HelloRxSwiftUITests" */;
			buildPhases = (
				2F8E5D70BEA55F08B54BFE43 /* [CP] Check Pods Manifest.lock */,
				5B2523A928FBE8A800349824 /* Sources */,
				5B2523AA28FBE8A800349824 /* Frameworks */,
				5B2523AB28FBE8A800349824 /* Resources */,
				45484BECF66ACA7B14BFBCF6 /* [CP] Embed Pods Frameworks */,
			);
			buildRules = (
			);
			dependencies = (
				5B2523AF28FBE8A800349824 /* PBXTargetDependency */,
			);
			name = HelloRxSwiftUITests;
			productName = HelloRxSwiftUITests;
			productReference = 5B2523AD28FBE8A800349824 /* HelloRxSwiftUITests.xctest */;
			productType = "com.apple.product-type.bundle.ui-testing";
		};
/* End PBXNativeTarget section */

/* Begin PBXProject section */
		5B25238528FBE8A700349824 /* Project object */ = {
			isa = PBXProject;
			attributes = {
				BuildIndependentTargetsInParallel = 1;
				LastSwiftUpdateCheck = 1400;
				LastUpgradeCheck = 1400;
				TargetAttributes = {
					5B25238C28FBE8A700349824 = {
						CreatedOnToolsVersion = 14.0.1;
					};
					5B2523A228FBE8A800349824 = {
						CreatedOnToolsVersion = 14.0.1;
						TestTargetID = 5B25238C28FBE8A700349824;
					};
					5B2523AC28FBE8A800349824 = {
						CreatedOnToolsVersion = 14.0.1;
						TestTargetID = 5B25238C28FBE8A700349824;
					};
				};
			};
			buildConfigurationList = 5B25238828FBE8A700349824 /* Build configuration list for PBXProject "HelloRxSwift" */;
			compatibilityVersion = "Xcode 14.0";
			developmentRegion = en;
			hasScannedForEncodings = 0;
			knownRegions = (
				en,
				Base,
			);
			mainGroup = 5B25238428FBE8A700349824;
			productRefGroup = 5B25238E28FBE8A700349824 /* Products */;
			projectDirPath = "";
			projectRoot = "";
			targets = (
				5B25238C28FBE8A700349824 /* HelloRxSwift */,
				5B2523A228FBE8A800349824 /* HelloRxSwiftTests */,
				5B2523AC28FBE8A800349824 /* HelloRxSwiftUITests */,
			);
		};
/* End PBXProject section */

/* Begin PBXResourcesBuildPhase section */
		5B25238B28FBE8A700349824 /* Resources */ = {
			isa = PBXResourcesBuildPhase;
			buildActionMask = 2147483647;
			files = (
				5B25239D28FBE8A800349824 /* LaunchScreen.storyboard in Resources */,
				5B25239A28FBE8A800349824 /* Assets.xcassets in Resources */,
				5B25239828FBE8A700349824 /* Main.storyboard in Resources */,
			);
			runOnlyForDeploymentPostprocessing = 0;
		};
		5B2523A128FBE8A800349824 /* Resources */ = {
			isa = PBXResourcesBuildPhase;
			buildActionMask = 2147483647;
			files = (
			);
			runOnlyForDeploymentPostprocessing = 0;
		};
		5B2523AB28FBE8A800349824 /* Resources */ = {
			isa = PBXResourcesBuildPhase;
			buildActionMask = 2147483647;
			files = (
			);
			runOnlyForDeploymentPostprocessing = 0;
		};
/* End PBXResourcesBuildPhase section */

/* Begin PBXShellScriptBuildPhase section */
		2F8E5D70BEA55F08B54BFE43 /* [CP] Check Pods Manifest.lock */ = {
			isa = PBXShellScriptBuildPhase;
			buildActionMask = 2147483647;
			files = (
			);
			inputFileListPaths = (
			);
			inputPaths = (
				"${PODS_PODFILE_DIR_PATH}/Podfile.lock",
				"${PODS_ROOT}/Manifest.lock",
			);
			name = "[CP] Check Pods Manifest.lock";
			outputFileListPaths = (
			);
			outputPaths = (
				"$(DERIVED_FILE_DIR)/Pods-HelloRxSwift-HelloRxSwiftUITests-checkManifestLockResult.txt",
			);
			runOnlyForDeploymentPostprocessing = 0;
			shellPath = /bin/sh;
			shellScript = "diff \"${PODS_PODFILE_DIR_PATH}/Podfile.lock\" \"${PODS_ROOT}/Manifest.lock\" > /dev/null\nif [ $? != 0 ] ; then\n    # print error to STDERR\n    echo \"error: The sandbox is not in sync with the Podfile.lock. Run 'pod install' or update your CocoaPods installation.\" >&2\n    exit 1\nfi\n# This output is used by Xcode 'outputs' to avoid re-running this script phase.\necho \"SUCCESS\" > \"${SCRIPT_OUTPUT_FILE_0}\"\n";
			showEnvVarsInLog = 0;
		};
		45484BECF66ACA7B14BFBCF6 /* [CP] Embed Pods Frameworks */ = {
			isa = PBXShellScriptBuildPhase;
			buildActionMask = 2147483647;
			files = (
			);
			inputFileListPaths = (
				"${PODS_ROOT}/Target Support Files/Pods-HelloRxSwift-HelloRxSwiftUITests/Pods-HelloRxSwift-HelloRxSwiftUITests-frameworks-${CONFIGURATION}-input-files.xcfilelist",
			);
			name = "[CP] Embed Pods Frameworks";
			outputFileListPaths = (
				"${PODS_ROOT}/Target Support Files/Pods-HelloRxSwift-HelloRxSwiftUITests/Pods-HelloRxSwift-HelloRxSwiftUITests-frameworks-${CONFIGURATION}-output-files.xcfilelist",
			);
			runOnlyForDeploymentPostprocessing = 0;
			shellPath = /bin/sh;
			shellScript = "\"${PODS_ROOT}/Target Support Files/Pods-HelloRxSwift-HelloRxSwiftUITests/Pods-HelloRxSwift-HelloRxSwiftUITests-frameworks.sh\"\n";
			showEnvVarsInLog = 0;
		};
		55641288A45250C6A658FEB2 /* [CP] Check Pods Manifest.lock */ = {
			isa = PBXShellScriptBuildPhase;
			buildActionMask = 2147483647;
			files = (
			);
			inputFileListPaths = (
			);
			inputPaths = (
				"${PODS_PODFILE_DIR_PATH}/Podfile.lock",
				"${PODS_ROOT}/Manifest.lock",
			);
			name = "[CP] Check Pods Manifest.lock";
			outputFileListPaths = (
			);
			outputPaths = (
				"$(DERIVED_FILE_DIR)/Pods-HelloRxSwiftTests-checkManifestLockResult.txt",
			);
			runOnlyForDeploymentPostprocessing = 0;
			shellPath = /bin/sh;
			shellScript = "diff \"${PODS_PODFILE_DIR_PATH}/Podfile.lock\" \"${PODS_ROOT}/Manifest.lock\" > /dev/null\nif [ $? != 0 ] ; then\n    # print error to STDERR\n    echo \"error: The sandbox is not in sync with the Podfile.lock. Run 'pod install' or update your CocoaPods installation.\" >&2\n    exit 1\nfi\n# This output is used by Xcode 'outputs' to avoid re-running this script phase.\necho \"SUCCESS\" > \"${SCRIPT_OUTPUT_FILE_0}\"\n";
			showEnvVarsInLog = 0;
		};
		C1E7855D5E7B8ACC4F15079F /* [CP] Embed Pods Frameworks */ = {
			isa = PBXShellScriptBuildPhase;
			buildActionMask = 2147483647;
			files = (
			);
			inputFileListPaths = (
				"${PODS_ROOT}/Target Support Files/Pods-HelloRxSwift/Pods-HelloRxSwift-frameworks-${CONFIGURATION}-input-files.xcfilelist",
			);
			name = "[CP] Embed Pods Frameworks";
			outputFileListPaths = (
				"${PODS_ROOT}/Target Support Files/Pods-HelloRxSwift/Pods-HelloRxSwift-frameworks-${CONFIGURATION}-output-files.xcfilelist",
			);
			runOnlyForDeploymentPostprocessing = 0;
			shellPath = /bin/sh;
			shellScript = "\"${PODS_ROOT}/Target Support Files/Pods-HelloRxSwift/Pods-HelloRxSwift-frameworks.sh\"\n";
			showEnvVarsInLog = 0;
		};
		E902C4F47914BC96DFB3BA20 /* [CP] Check Pods Manifest.lock */ = {
			isa = PBXShellScriptBuildPhase;
			buildActionMask = 2147483647;
			files = (
			);
			inputFileListPaths = (
			);
			inputPaths = (
				"${PODS_PODFILE_DIR_PATH}/Podfile.lock",
				"${PODS_ROOT}/Manifest.lock",
			);
			name = "[CP] Check Pods Manifest.lock";
			outputFileListPaths = (
			);
			outputPaths = (
				"$(DERIVED_FILE_DIR)/Pods-HelloRxSwift-checkManifestLockResult.txt",
			);
			runOnlyForDeploymentPostprocessing = 0;
			shellPath = /bin/sh;
			shellScript = "diff \"${PODS_PODFILE_DIR_PATH}/Podfile.lock\" \"${PODS_ROOT}/Manifest.lock\" > /dev/null\nif [ $? != 0 ] ; then\n    # print error to STDERR\n    echo \"error: The sandbox is not in sync with the Podfile.lock. Run 'pod install' or update your CocoaPods installation.\" >&2\n    exit 1\nfi\n# This output is used by Xcode 'outputs' to avoid re-running this script phase.\necho \"SUCCESS\" > \"${SCRIPT_OUTPUT_FILE_0}\"\n";
			showEnvVarsInLog = 0;
		};
/* End PBXShellScriptBuildPhase section */

/* Begin PBXSourcesBuildPhase section */
		5B25238928FBE8A700349824 /* Sources */ = {
			isa = PBXSourcesBuildPhase;
			buildActionMask = 2147483647;
			files = (
				5B25239528FBE8A700349824 /* ViewController.swift in Sources */,
				5B25239128FBE8A700349824 /* AppDelegate.swift in Sources */,
				5B25239328FBE8A700349824 /* SceneDelegate.swift in Sources */,
			);
			runOnlyForDeploymentPostprocessing = 0;
		};
		5B25239F28FBE8A800349824 /* Sources */ = {
			isa = PBXSourcesBuildPhase;
			buildActionMask = 2147483647;
			files = (
				5B2523A828FBE8A800349824 /* HelloRxSwiftTests.swift in Sources */,
			);
			runOnlyForDeploymentPostprocessing = 0;
		};
		5B2523A928FBE8A800349824 /* Sources */ = {
			isa = PBXSourcesBuildPhase;
			buildActionMask = 2147483647;
			files = (
				5B2523B228FBE8A800349824 /* HelloRxSwiftUITests.swift in Sources */,
				5B2523B428FBE8A800349824 /* HelloRxSwiftUITestsLaunchTests.swift in Sources */,
			);
			runOnlyForDeploymentPostprocessing = 0;
		};
/* End PBXSourcesBuildPhase section */

/* Begin PBXTargetDependency section */
		5B2523A528FBE8A800349824 /* PBXTargetDependency */ = {
			isa = PBXTargetDependency;
			target = 5B25238C28FBE8A700349824 /* HelloRxSwift */;
			targetProxy = 5B2523A428FBE8A800349824 /* PBXContainerItemProxy */;
		};
		5B2523AF28FBE8A800349824 /* PBXTargetDependency */ = {
			isa = PBXTargetDependency;
			target = 5B25238C28FBE8A700349824 /* HelloRxSwift */;
			targetProxy = 5B2523AE28FBE8A800349824 /* PBXContainerItemProxy */;
		};
/* End PBXTargetDependency section */

/* Begin PBXVariantGroup section */
		5B25239628FBE8A700349824 /* Main.storyboard */ = {
			isa = PBXVariantGroup;
			children = (
				5B25239728FBE8A700349824 /* Base */,
			);
			name = Main.storyboard;
			sourceTree = "<group>";
		};
		5B25239B28FBE8A800349824 /* LaunchScreen.storyboard */ = {
			isa = PBXVariantGroup;
			children = (
				5B25239C28FBE8A800349824 /* Base */,
			);
			name = LaunchScreen.storyboard;
			sourceTree = "<group>";
		};
/* End PBXVariantGroup section */

/* Begin XCBuildConfiguration section */
		5B2523B528FBE8A800349824 /* Debug */ = {
			isa = XCBuildConfiguration;
			buildSettings = {
				ALWAYS_SEARCH_USER_PATHS = NO;
				CLANG_ANALYZER_NONNULL = YES;
				CLANG_ANALYZER_NUMBER_OBJECT_CONVERSION = YES_AGGRESSIVE;
				CLANG_CXX_LANGUAGE_STANDARD = "gnu++20";
				CLANG_ENABLE_MODULES = YES;
				CLANG_ENABLE_OBJC_ARC = YES;
				CLANG_ENABLE_OBJC_WEAK = YES;
				CLANG_WARN_BLOCK_CAPTURE_AUTORELEASING = YES;
				CLANG_WARN_BOOL_CONVERSION = YES;
				CLANG_WARN_COMMA = YES;
				CLANG_WARN_CONSTANT_CONVERSION = YES;
				CLANG_WARN_DEPRECATED_OBJC_IMPLEMENTATIONS = YES;
				CLANG_WARN_DIRECT_OBJC_ISA_USAGE = YES_ERROR;
				CLANG_WARN_DOCUMENTATION_COMMENTS = YES;
				CLANG_WARN_EMPTY_BODY = YES;
				CLANG_WARN_ENUM_CONVERSION = YES;
				CLANG_WARN_INFINITE_RECURSION = YES;
				CLANG_WARN_INT_CONVERSION = YES;
				CLANG_WARN_NON_LITERAL_NULL_CONVERSION = YES;
				CLANG_WARN_OBJC_IMPLICIT_RETAIN_SELF = YES;
				CLANG_WARN_OBJC_LITERAL_CONVERSION = YES;
				CLANG_WARN_OBJC_ROOT_CLASS = YES_ERROR;
				CLANG_WARN_QUOTED_INCLUDE_IN_FRAMEWORK_HEADER = YES;
				CLANG_WARN_RANGE_LOOP_ANALYSIS = YES;
				CLANG_WARN_STRICT_PROTOTYPES = YES;
				CLANG_WARN_SUSPICIOUS_MOVE = YES;
				CLANG_WARN_UNGUARDED_AVAILABILITY = YES_AGGRESSIVE;
				CLANG_WARN_UNREACHABLE_CODE = YES;
				CLANG_WARN__DUPLICATE_METHOD_MATCH = YES;
				COPY_PHASE_STRIP = NO;
				DEBUG_INFORMATION_FORMAT = dwarf;
				ENABLE_STRICT_OBJC_MSGSEND = YES;
				ENABLE_TESTABILITY = YES;
				GCC_C_LANGUAGE_STANDARD = gnu11;
				GCC_DYNAMIC_NO_PIC = NO;
				GCC_NO_COMMON_BLOCKS = YES;
				GCC_OPTIMIZATION_LEVEL = 0;
				GCC_PREPROCESSOR_DEFINITIONS = (
					"DEBUG=1",
					"$(inherited)",
				);
				GCC_WARN_64_TO_32_BIT_CONVERSION = YES;
				GCC_WARN_ABOUT_RETURN_TYPE = YES_ERROR;
				GCC_WARN_UNDECLARED_SELECTOR = YES;
				GCC_WARN_UNINITIALIZED_AUTOS = YES_AGGRESSIVE;
				GCC_WARN_UNUSED_FUNCTION = YES;
				GCC_WARN_UNUSED_VARIABLE = YES;
				IPHONEOS_DEPLOYMENT_TARGET = 16.0;
				MTL_ENABLE_DEBUG_INFO = INCLUDE_SOURCE;
				MTL_FAST_MATH = YES;
				ONLY_ACTIVE_ARCH = YES;
				SDKROOT = iphoneos;
				SWIFT_ACTIVE_COMPILATION_CONDITIONS = DEBUG;
				SWIFT_OPTIMIZATION_LEVEL = "-Onone";
			};
			name = Debug;
		};
		5B2523B628FBE8A800349824 /* Release */ = {
			isa = XCBuildConfiguration;
			buildSettings = {
				ALWAYS_SEARCH_USER_PATHS = NO;
				CLANG_ANALYZER_NONNULL = YES;
				CLANG_ANALYZER_NUMBER_OBJECT_CONVERSION = YES_AGGRESSIVE;
				CLANG_CXX_LANGUAGE_STANDARD = "gnu++20";
				CLANG_ENABLE_MODULES = YES;
				CLANG_ENABLE_OBJC_ARC = YES;
				CLANG_ENABLE_OBJC_WEAK = YES;
				CLANG_WARN_BLOCK_CAPTURE_AUTORELEASING = YES;
				CLANG_WARN_BOOL_CONVERSION = YES;
				CLANG_WARN_COMMA = YES;
				CLANG_WARN_CONSTANT_CONVERSION = YES;
				CLANG_WARN_DEPRECATED_OBJC_IMPLEMENTATIONS = YES;
				CLANG_WARN_DIRECT_OBJC_ISA_USAGE = YES_ERROR;
				CLANG_WARN_DOCUMENTATION_COMMENTS = YES;
				CLANG_WARN_EMPTY_BODY = YES;
				CLANG_WARN_ENUM_CONVERSION = YES;
				CLANG_WARN_INFINITE_RECURSION = YES;
				CLANG_WARN_INT_CONVERSION = YES;
				CLANG_WARN_NON_LITERAL_NULL_CONVERSION = YES;
				CLANG_WARN_OBJC_IMPLICIT_RETAIN_SELF = YES;
				CLANG_WARN_OBJC_LITERAL_CONVERSION = YES;
				CLANG_WARN_OBJC_ROOT_CLASS = YES_ERROR;
				CLANG_WARN_QUOTED_INCLUDE_IN_FRAMEWORK_HEADER = YES;
				CLANG_WARN_RANGE_LOOP_ANALYSIS = YES;
				CLANG_WARN_STRICT_PROTOTYPES = YES;
				CLANG_WARN_SUSPICIOUS_MOVE = YES;
				CLANG_WARN_UNGUARDED_AVAILABILITY = YES_AGGRESSIVE;
				CLANG_WARN_UNREACHABLE_CODE = YES;
				CLANG_WARN__DUPLICATE_METHOD_MATCH = YES;
				COPY_PHASE_STRIP = NO;
				DEBUG_INFORMATION_FORMAT = "dwarf-with-dsym";
				ENABLE_NS_ASSERTIONS = NO;
				ENABLE_STRICT_OBJC_MSGSEND = YES;
				GCC_C_LANGUAGE_STANDARD = gnu11;
				GCC_NO_COMMON_BLOCKS = YES;
				GCC_WARN_64_TO_32_BIT_CONVERSION = YES;
				GCC_WARN_ABOUT_RETURN_TYPE = YES_ERROR;
				GCC_WARN_UNDECLARED_SELECTOR = YES;
				GCC_WARN_UNINITIALIZED_AUTOS = YES_AGGRESSIVE;
				GCC_WARN_UNUSED_FUNCTION = YES;
				GCC_WARN_UNUSED_VARIABLE = YES;
				IPHONEOS_DEPLOYMENT_TARGET = 16.0;
				MTL_ENABLE_DEBUG_INFO = NO;
				MTL_FAST_MATH = YES;
				SDKROOT = iphoneos;
				SWIFT_COMPILATION_MODE = wholemodule;
				SWIFT_OPTIMIZATION_LEVEL = "-O";
				VALIDATE_PRODUCT = YES;
			};
			name = Release;
		};
		5B2523B828FBE8A800349824 /* Debug */ = {
			isa = XCBuildConfiguration;
			baseConfigurationReference = 5285A1A1CD0338F9213A55C0 /* Pods-HelloRxSwift.debug.xcconfig */;
			buildSettings = {
				ASSETCATALOG_COMPILER_APPICON_NAME = AppIcon;
				ASSETCATALOG_COMPILER_GLOBAL_ACCENT_COLOR_NAME = AccentColor;
				CODE_SIGN_STYLE = Automatic;
				CURRENT_PROJECT_VERSION = 1;
				DEVELOPMENT_TEAM = LSMZ653R3K;
				GENERATE_INFOPLIST_FILE = YES;
				INFOPLIST_FILE = HelloRxSwift/Info.plist;
				INFOPLIST_KEY_UIApplicationSupportsIndirectInputEvents = YES;
				INFOPLIST_KEY_UILaunchStoryboardName = LaunchScreen;
				INFOPLIST_KEY_UIMainStoryboardFile = Main;
				INFOPLIST_KEY_UISupportedInterfaceOrientations_iPad = "UIInterfaceOrientationPortrait UIInterfaceOrientationPortraitUpsideDown UIInterfaceOrientationLandscapeLeft UIInterfaceOrientationLandscapeRight";
				INFOPLIST_KEY_UISupportedInterfaceOrientations_iPhone = "UIInterfaceOrientationPortrait UIInterfaceOrientationLandscapeLeft UIInterfaceOrientationLandscapeRight";
				LD_RUNPATH_SEARCH_PATHS = (
					"$(inherited)",
					"@executable_path/Frameworks",
				);
				MARKETING_VERSION = 1.0;
				PRODUCT_BUNDLE_IDENTIFIER = Jason.HelloRxSwift;
				PRODUCT_NAME = "$(TARGET_NAME)";
				SWIFT_EMIT_LOC_STRINGS = YES;
				SWIFT_VERSION = 5.0;
				TARGETED_DEVICE_FAMILY = "1,2";
			};
			name = Debug;
		};
		5B2523B928FBE8A800349824 /* Release */ = {
			isa = XCBuildConfiguration;
			baseConfigurationReference = 0EDBFFD95D827A812AD70DFD /* Pods-HelloRxSwift.release.xcconfig */;
			buildSettings = {
				ASSETCATALOG_COMPILER_APPICON_NAME = AppIcon;
				ASSETCATALOG_COMPILER_GLOBAL_ACCENT_COLOR_NAME = AccentColor;
				CODE_SIGN_STYLE = Automatic;
				CURRENT_PROJECT_VERSION = 1;
				DEVELOPMENT_TEAM = LSMZ653R3K;
				GENERATE_INFOPLIST_FILE = YES;
				INFOPLIST_FILE = HelloRxSwift/Info.plist;
				INFOPLIST_KEY_UIApplicationSupportsIndirectInputEvents = YES;
				INFOPLIST_KEY_UILaunchStoryboardName = LaunchScreen;
				INFOPLIST_KEY_UIMainStoryboardFile = Main;
				INFOPLIST_KEY_UISupportedInterfaceOrientations_iPad = "UIInterfaceOrientationPortrait UIInterfaceOrientationPortraitUpsideDown UIInterfaceOrientationLandscapeLeft UIInterfaceOrientationLandscapeRight";
				INFOPLIST_KEY_UISupportedInterfaceOrientations_iPhone = "UIInterfaceOrientationPortrait UIInterfaceOrientationLandscapeLeft UIInterfaceOrientationLandscapeRight";
				LD_RUNPATH_SEARCH_PATHS = (
					"$(inherited)",
					"@executable_path/Frameworks",
				);
				MARKETING_VERSION = 1.0;
				PRODUCT_BUNDLE_IDENTIFIER = Jason.HelloRxSwift;
				PRODUCT_NAME = "$(TARGET_NAME)";
				SWIFT_EMIT_LOC_STRINGS = YES;
				SWIFT_VERSION = 5.0;
				TARGETED_DEVICE_FAMILY = "1,2";
			};
			name = Release;
		};
		5B2523BB28FBE8A800349824 /* Debug */ = {
			isa = XCBuildConfiguration;
			baseConfigurationReference = 017C10FDE0D810236EF1CB1F /* Pods-HelloRxSwiftTests.debug.xcconfig */;
			buildSettings = {
				ALWAYS_EMBED_SWIFT_STANDARD_LIBRARIES = YES;
				BUNDLE_LOADER = "$(TEST_HOST)";
				CODE_SIGN_STYLE = Automatic;
				CURRENT_PROJECT_VERSION = 1;
				DEVELOPMENT_TEAM = LSMZ653R3K;
				GENERATE_INFOPLIST_FILE = YES;
				IPHONEOS_DEPLOYMENT_TARGET = 16.0;
				MARKETING_VERSION = 1.0;
				PRODUCT_BUNDLE_IDENTIFIER = Jason.HelloRxSwiftTests;
				PRODUCT_NAME = "$(TARGET_NAME)";
				SWIFT_EMIT_LOC_STRINGS = NO;
				SWIFT_VERSION = 5.0;
				TARGETED_DEVICE_FAMILY = "1,2";
				TEST_HOST = "$(BUILT_PRODUCTS_DIR)/HelloRxSwift.app/$(BUNDLE_EXECUTABLE_FOLDER_PATH)/HelloRxSwift";
			};
			name = Debug;
		};
		5B2523BC28FBE8A800349824 /* Release */ = {
			isa = XCBuildConfiguration;
			baseConfigurationReference = 98298A5A2FFAF0A9C742E152 /* Pods-HelloRxSwiftTests.release.xcconfig */;
			buildSettings = {
				ALWAYS_EMBED_SWIFT_STANDARD_LIBRARIES = YES;
				BUNDLE_LOADER = "$(TEST_HOST)";
				CODE_SIGN_STYLE = Automatic;
				CURRENT_PROJECT_VERSION = 1;
				DEVELOPMENT_TEAM = LSMZ653R3K;
				GENERATE_INFOPLIST_FILE = YES;
				IPHONEOS_DEPLOYMENT_TARGET = 16.0;
				MARKETING_VERSION = 1.0;
				PRODUCT_BUNDLE_IDENTIFIER = Jason.HelloRxSwiftTests;
				PRODUCT_NAME = "$(TARGET_NAME)";
				SWIFT_EMIT_LOC_STRINGS = NO;
				SWIFT_VERSION = 5.0;
				TARGETED_DEVICE_FAMILY = "1,2";
				TEST_HOST = "$(BUILT_PRODUCTS_DIR)/HelloRxSwift.app/$(BUNDLE_EXECUTABLE_FOLDER_PATH)/HelloRxSwift";
			};
			name = Release;
		};
		5B2523BE28FBE8A800349824 /* Debug */ = {
			isa = XCBuildConfiguration;
			baseConfigurationReference = 6BF2FD19DEE24DFBDB7A3E31 /* Pods-HelloRxSwift-HelloRxSwiftUITests.debug.xcconfig */;
			buildSettings = {
				ALWAYS_EMBED_SWIFT_STANDARD_LIBRARIES = YES;
				CODE_SIGN_STYLE = Automatic;
				CURRENT_PROJECT_VERSION = 1;
				DEVELOPMENT_TEAM = LSMZ653R3K;
				GENERATE_INFOPLIST_FILE = YES;
				MARKETING_VERSION = 1.0;
				PRODUCT_BUNDLE_IDENTIFIER = Jason.HelloRxSwiftUITests;
				PRODUCT_NAME = "$(TARGET_NAME)";
				SWIFT_EMIT_LOC_STRINGS = NO;
				SWIFT_VERSION = 5.0;
				TARGETED_DEVICE_FAMILY = "1,2";
				TEST_TARGET_NAME = HelloRxSwift;
			};
			name = Debug;
		};
		5B2523BF28FBE8A800349824 /* Release */ = {
			isa = XCBuildConfiguration;
			baseConfigurationReference = EFAC3028D5F921815722FE87 /* Pods-HelloRxSwift-HelloRxSwiftUITests.release.xcconfig */;
			buildSettings = {
				ALWAYS_EMBED_SWIFT_STANDARD_LIBRARIES = YES;
				CODE_SIGN_STYLE = Automatic;
				CURRENT_PROJECT_VERSION = 1;
				DEVELOPMENT_TEAM = LSMZ653R3K;
				GENERATE_INFOPLIST_FILE = YES;
				MARKETING_VERSION = 1.0;
				PRODUCT_BUNDLE_IDENTIFIER = Jason.HelloRxSwiftUITests;
				PRODUCT_NAME = "$(TARGET_NAME)";
				SWIFT_EMIT_LOC_STRINGS = NO;
				SWIFT_VERSION = 5.0;
				TARGETED_DEVICE_FAMILY = "1,2";
				TEST_TARGET_NAME = HelloRxSwift;
			};
			name = Release;
		};
/* End XCBuildConfiguration section */

/* Begin XCConfigurationList section */
		5B25238828FBE8A700349824 /* Build configuration list for PBXProject "HelloRxSwift" */ = {
			isa = XCConfigurationList;
			buildConfigurations = (
				5B2523B528FBE8A800349824 /* Debug */,
				5B2523B628FBE8A800349824 /* Release */,
			);
			defaultConfigurationIsVisible = 0;
			defaultConfigurationName = Release;
		};
		5B2523B728FBE8A800349824 /* Build configuration list for PBXNativeTarget "HelloRxSwift" */ = {
			isa = XCConfigurationList;
			buildConfigurations = (
				5B2523B828FBE8A800349824 /* Debug */,
				5B2523B928FBE8A800349824 /* Release */,
			);
			defaultConfigurationIsVisible = 0;
			defaultConfigurationName = Release;
		};
		5B2523BA28FBE8A800349824 /* Build configuration list for PBXNativeTarget "HelloRxSwiftTests" */ = {
			isa = XCConfigurationList;
			buildConfigurations = (
				5B2523BB28FBE8A800349824 /* Debug */,
				5B2523BC28FBE8A800349824 /* Release */,
			);
			defaultConfigurationIsVisible = 0;
			defaultConfigurationName = Release;
		};
		5B2523BD28FBE8A800349824 /* Build configuration list for PBXNativeTarget "HelloRxSwiftUITests" */ = {
			isa = XCConfigurationList;
			buildConfigurations = (
				5B2523BE28FBE8A800349824 /* Debug */,
				5B2523BF28FBE8A800349824 /* Release */,
			);
			defaultConfigurationIsVisible = 0;
			defaultConfigurationName = Release;
		};
/* End XCConfigurationList section */
	};
	rootObject = 5B25238528FBE8A700349824 /* Project object */;
}
